
Microsoft Visual Studio Solution File, Format Version 12.00
# Visual Studio 15
VisualStudioVersion = 15.0.28010.2041
MinimumVisualStudioVersion = 10.0.40219.1
Project("{FAE04EC0-301F-11D3-BF4B-00C04F79EFBC}") = "ClassicGarage", "ClassicGarage\ClassicGarage.csproj", "{966BAD84-F52C-4BA1-9DFB-DF60F55067EF}"
EndProject
Global
	GlobalSection(SolutionConfigurationPlatforms) = preSolution
		Debug|Any CPU = Debug|Any CPU
		Release|Any CPU = Release|Any CPU
	EndGlobalSection
	GlobalSection(ProjectConfigurationPlatforms) = postSolution
		{966BAD84-F52C-4BA1-9DFB-DF60F55067EF}.Debug|Any CPU.ActiveCfg = Debug|Any CPU
		{966BAD84-F52C-4BA1-9DFB-DF60F55067EF}.Debug|Any CPU.Build.0 = Debug|Any CPU
		{966BAD84-F52C-4BA1-9DFB-DF60F55067EF}.Release|Any CPU.ActiveCfg = Release|Any CPU
		{966BAD84-F52C-4BA1-9DFB-DF60F55067EF}.Release|Any CPU.Build.0 = Release|Any CPU
	EndGlobalSection
	GlobalSection(SolutionProperties) = preSolution
		HideSolutionNode = FALSE
	EndGlobalSection
	GlobalSection(ExtensibilityGlobals) = postSolution
		SolutionGuid = {3A54EF62-A468-48F7-9868-4EDF1BF89F59}
	EndGlobalSection
EndGlobal
